
Microsoft Visual Studio Solution File, Format Version 12.00
# Visual Studio Version 17
VisualStudioVersion = 17.0.31912.275
MinimumVisualStudioVersion = 10.0.40219.1
Project("{FAE04EC0-301F-11D3-BF4B-00C04F79EFBC}") = "LabAssignment1", "LabAssignment1\LabAssignment1.csproj", "{337D294D-3E99-4539-83AD-562FDF530CC3}"
EndProject
Global
	GlobalSection(SolutionConfigurationPlatforms) = preSolution
		Debug|Any CPU = Debug|Any CPU
		Release|Any CPU = Release|Any CPU
	EndGlobalSection
	GlobalSection(ProjectConfigurationPlatforms) = postSolution
		{337D294D-3E99-4539-83AD-562FDF530CC3}.Debug|Any CPU.ActiveCfg = Debug|Any CPU
		{337D294D-3E99-4539-83AD-562FDF530CC3}.Debug|Any CPU.Build.0 = Debug|Any CPU
		{337D294D-3E99-4539-83AD-562FDF530CC3}.Release|Any CPU.ActiveCfg = Release|Any CPU
		{337D294D-3E99-4539-83AD-562FDF530CC3}.Release|Any CPU.Build.0 = Release|Any CPU
	EndGlobalSection
	GlobalSection(SolutionProperties) = preSolution
		HideSolutionNode = FALSE
	EndGlobalSection
	GlobalSection(ExtensibilityGlobals) = postSolution
		SolutionGuid = {97402601-1008-450C-A443-5C46189F8593}
	EndGlobalSection
EndGlobal
